// !$*UTF8*$!
{
	archiveVersion = 1;
	classes = {
	};
	objectVersion = 56;
	objects = {

/* Begin PBXBuildFile section */
		411A235A2A9A0E9C0032DE57 /* InfoView.swift in Sources */ = {isa = PBXBuildFile; fileRef = 411A23592A9A0E9C0032DE57 /* InfoView.swift */; };
		4154B4B12A99F9ED003C367E /* OriginView.swift in Sources */ = {isa = PBXBuildFile; fileRef = 4154B4B02A99F9EC003C367E /* OriginView.swift */; };
		41D5AC152A98E78800F8D3C4 /* EpisodeCell.swift in Sources */ = {isa = PBXBuildFile; fileRef = 41D5AC142A98E78800F8D3C4 /* EpisodeCell.swift */; };
		41E2B0402A977A7E0057B0D9 /* AppDelegate.swift in Sources */ = {isa = PBXBuildFile; fileRef = 41E2B03F2A977A7E0057B0D9 /* AppDelegate.swift */; };
		41E2B0422A977A7E0057B0D9 /* SceneDelegate.swift in Sources */ = {isa = PBXBuildFile; fileRef = 41E2B0412A977A7E0057B0D9 /* SceneDelegate.swift */; };
		41E2B0442A977A7E0057B0D9 /* ViewController.swift in Sources */ = {isa = PBXBuildFile; fileRef = 41E2B0432A977A7E0057B0D9 /* ViewController.swift */; };
		41E2B0472A977A7E0057B0D9 /* Main.storyboard in Resources */ = {isa = PBXBuildFile; fileRef = 41E2B0452A977A7E0057B0D9 /* Main.storyboard */; };
		41E2B0492A977A800057B0D9 /* Assets.xcassets in Resources */ = {isa = PBXBuildFile; fileRef = 41E2B0482A977A800057B0D9 /* Assets.xcassets */; };
		41E2B04C2A977A800057B0D9 /* LaunchScreen.storyboard in Resources */ = {isa = PBXBuildFile; fileRef = 41E2B04A2A977A800057B0D9 /* LaunchScreen.storyboard */; };
		41E2B0542A9784E30057B0D9 /* CharacterCell.swift in Sources */ = {isa = PBXBuildFile; fileRef = 41E2B0532A9784E30057B0D9 /* CharacterCell.swift */; };
		41E2B0562A97D8FA0057B0D9 /* DescriptionVC.swift in Sources */ = {isa = PBXBuildFile; fileRef = 41E2B0552A97D8FA0057B0D9 /* DescriptionVC.swift */; };
		41E2B0582A97DED50057B0D9 /* APICaller.swift in Sources */ = {isa = PBXBuildFile; fileRef = 41E2B0572A97DED50057B0D9 /* APICaller.swift */; };
		41E2B05A2A97E3DF0057B0D9 /* CharacterList.swift in Sources */ = {isa = PBXBuildFile; fileRef = 41E2B0592A97E3DF0057B0D9 /* CharacterList.swift */; };
		41E2B05D2A97EFA40057B0D9 /* Kingfisher in Frameworks */ = {isa = PBXBuildFile; productRef = 41E2B05C2A97EFA40057B0D9 /* Kingfisher */; };
		41E2B05F2A97F09B0057B0D9 /* ViewModel.swift in Sources */ = {isa = PBXBuildFile; fileRef = 41E2B05E2A97F09B0057B0D9 /* ViewModel.swift */; };
/* End PBXBuildFile section */

/* Begin PBXFileReference section */
		411A23592A9A0E9C0032DE57 /* InfoView.swift */ = {isa = PBXFileReference; lastKnownFileType = sourcecode.swift; path = InfoView.swift; sourceTree = "<group>"; };
		4154B4B02A99F9EC003C367E /* OriginView.swift */ = {isa = PBXFileReference; lastKnownFileType = sourcecode.swift; path = OriginView.swift; sourceTree = "<group>"; };
		41D5AC142A98E78800F8D3C4 /* EpisodeCell.swift */ = {isa = PBXFileReference; lastKnownFileType = sourcecode.swift; path = EpisodeCell.swift; sourceTree = "<group>"; };
		41E2B03C2A977A7E0057B0D9 /* RickAndMorty.app */ = {isa = PBXFileReference; explicitFileType = wrapper.application; includeInIndex = 0; path = RickAndMorty.app; sourceTree = BUILT_PRODUCTS_DIR; };
		41E2B03F2A977A7E0057B0D9 /* AppDelegate.swift */ = {isa = PBXFileReference; lastKnownFileType = sourcecode.swift; path = AppDelegate.swift; sourceTree = "<group>"; };
		41E2B0412A977A7E0057B0D9 /* SceneDelegate.swift */ = {isa = PBXFileReference; lastKnownFileType = sourcecode.swift; path = SceneDelegate.swift; sourceTree = "<group>"; };
		41E2B0432A977A7E0057B0D9 /* ViewController.swift */ = {isa = PBXFileReference; lastKnownFileType = sourcecode.swift; path = ViewController.swift; sourceTree = "<group>"; };
		41E2B0462A977A7E0057B0D9 /* Base */ = {isa = PBXFileReference; lastKnownFileType = file.storyboard; name = Base; path = Base.lproj/Main.storyboard; sourceTree = "<group>"; };
		41E2B0482A977A800057B0D9 /* Assets.xcassets */ = {isa = PBXFileReference; lastKnownFileType = folder.assetcatalog; path = Assets.xcassets; sourceTree = "<group>"; };
		41E2B04B2A977A800057B0D9 /* Base */ = {isa = PBXFileReference; lastKnownFileType = file.storyboard; name = Base; path = Base.lproj/LaunchScreen.storyboard; sourceTree = "<group>"; };
		41E2B04D2A977A800057B0D9 /* Info.plist */ = {isa = PBXFileReference; lastKnownFileType = text.plist.xml; path = Info.plist; sourceTree = "<group>"; };
		41E2B0532A9784E30057B0D9 /* CharacterCell.swift */ = {isa = PBXFileReference; lastKnownFileType = sourcecode.swift; path = CharacterCell.swift; sourceTree = "<group>"; };
		41E2B0552A97D8FA0057B0D9 /* DescriptionVC.swift */ = {isa = PBXFileReference; lastKnownFileType = sourcecode.swift; path = DescriptionVC.swift; sourceTree = "<group>"; };
		41E2B0572A97DED50057B0D9 /* APICaller.swift */ = {isa = PBXFileReference; lastKnownFileType = sourcecode.swift; path = APICaller.swift; sourceTree = "<group>"; };
		41E2B0592A97E3DF0057B0D9 /* CharacterList.swift */ = {isa = PBXFileReference; lastKnownFileType = sourcecode.swift; path = CharacterList.swift; sourceTree = "<group>"; };
		41E2B05E2A97F09B0057B0D9 /* ViewModel.swift */ = {isa = PBXFileReference; lastKnownFileType = sourcecode.swift; path = ViewModel.swift; sourceTree = "<group>"; };
/* End PBXFileReference section */

/* Begin PBXFrameworksBuildPhase section */
		41E2B0392A977A7E0057B0D9 /* Frameworks */ = {
			isa = PBXFrameworksBuildPhase;
			buildActionMask = 2147483647;
			files = (
				41E2B05D2A97EFA40057B0D9 /* Kingfisher in Frameworks */,
			);
			runOnlyForDeploymentPostprocessing = 0;
		};
/* End PBXFrameworksBuildPhase section */

/* Begin PBXGroup section */
		41E2B0332A977A7E0057B0D9 = {
			isa = PBXGroup;
			children = (
				41E2B03E2A977A7E0057B0D9 /* RickAndMorty */,
				41E2B03D2A977A7E0057B0D9 /* Products */,
			);
			sourceTree = "<group>";
		};
		41E2B03D2A977A7E0057B0D9 /* Products */ = {
			isa = PBXGroup;
			children = (
				41E2B03C2A977A7E0057B0D9 /* RickAndMorty.app */,
			);
			name = Products;
			sourceTree = "<group>";
		};
		41E2B03E2A977A7E0057B0D9 /* RickAndMorty */ = {
			isa = PBXGroup;
			children = (
				41E2B0632A97F1A90057B0D9 /* Controller */,
				41E2B0622A97F1A20057B0D9 /* Model */,
				41E2B0602A97F1890057B0D9 /* ViewModel */,
				41E2B0612A97F1990057B0D9 /* Cell */,
				41E2B0642A97F1B80057B0D9 /* Manager */,
				41E2B0482A977A800057B0D9 /* Assets.xcassets */,
				41E2B0452A977A7E0057B0D9 /* Main.storyboard */,
				41E2B03F2A977A7E0057B0D9 /* AppDelegate.swift */,
				41E2B0412A977A7E0057B0D9 /* SceneDelegate.swift */,
				41E2B04A2A977A800057B0D9 /* LaunchScreen.storyboard */,
				41E2B04D2A977A800057B0D9 /* Info.plist */,
			);
			path = RickAndMorty;
			sourceTree = "<group>";
		};
		41E2B0602A97F1890057B0D9 /* ViewModel */ = {
			isa = PBXGroup;
			children = (
				41E2B05E2A97F09B0057B0D9 /* ViewModel.swift */,
			);
			path = ViewModel;
			sourceTree = "<group>";
		};
		41E2B0612A97F1990057B0D9 /* Cell */ = {
			isa = PBXGroup;
			children = (
				41E2B0532A9784E30057B0D9 /* CharacterCell.swift */,
				41D5AC142A98E78800F8D3C4 /* EpisodeCell.swift */,
				411A23592A9A0E9C0032DE57 /* InfoView.swift */,
				4154B4B02A99F9EC003C367E /* OriginView.swift */,
			);
			path = Cell;
			sourceTree = "<group>";
		};
		41E2B0622A97F1A20057B0D9 /* Model */ = {
			isa = PBXGroup;
			children = (
				41E2B0592A97E3DF0057B0D9 /* CharacterList.swift */,
			);
			path = Model;
			sourceTree = "<group>";
		};
		41E2B0632A97F1A90057B0D9 /* Controller */ = {
			isa = PBXGroup;
			children = (
				41E2B0552A97D8FA0057B0D9 /* DescriptionVC.swift */,
				41E2B0432A977A7E0057B0D9 /* ViewController.swift */,
			);
			path = Controller;
			sourceTree = "<group>";
		};
		41E2B0642A97F1B80057B0D9 /* Manager */ = {
			isa = PBXGroup;
			children = (
				41E2B0572A97DED50057B0D9 /* APICaller.swift */,
			);
			path = Manager;
			sourceTree = "<group>";
		};
/* End PBXGroup section */

/* Begin PBXNativeTarget section */
		41E2B03B2A977A7E0057B0D9 /* RickAndMorty */ = {
			isa = PBXNativeTarget;
			buildConfigurationList = 41E2B0502A977A800057B0D9 /* Build configuration list for PBXNativeTarget "RickAndMorty" */;
			buildPhases = (
				41E2B0382A977A7E0057B0D9 /* Sources */,
				41E2B0392A977A7E0057B0D9 /* Frameworks */,
				41E2B03A2A977A7E0057B0D9 /* Resources */,
			);
			buildRules = (
			);
			dependencies = (
			);
			name = RickAndMorty;
			packageProductDependencies = (
				41E2B05C2A97EFA40057B0D9 /* Kingfisher */,
			);
			productName = RickAndMorty;
			productReference = 41E2B03C2A977A7E0057B0D9 /* RickAndMorty.app */;
			productType = "com.apple.product-type.application";
		};
/* End PBXNativeTarget section */

/* Begin PBXProject section */
		41E2B0342A977A7E0057B0D9 /* Project object */ = {
			isa = PBXProject;
			attributes = {
				BuildIndependentTargetsInParallel = 1;
				LastSwiftUpdateCheck = 1410;
				LastUpgradeCheck = 1410;
				TargetAttributes = {
					41E2B03B2A977A7E0057B0D9 = {
						CreatedOnToolsVersion = 14.1;
					};
				};
			};
			buildConfigurationList = 41E2B0372A977A7E0057B0D9 /* Build configuration list for PBXProject "RickAndMorty" */;
			compatibilityVersion = "Xcode 14.0";
			developmentRegion = en;
			hasScannedForEncodings = 0;
			knownRegions = (
				en,
				Base,
			);
			mainGroup = 41E2B0332A977A7E0057B0D9;
			packageReferences = (
				41E2B05B2A97EFA40057B0D9 /* XCRemoteSwiftPackageReference "Kingfisher" */,
			);
			productRefGroup = 41E2B03D2A977A7E0057B0D9 /* Products */;
			projectDirPath = "";
			projectRoot = "";
			targets = (
				41E2B03B2A977A7E0057B0D9 /* RickAndMorty */,
			);
		};
/* End PBXProject section */

/* Begin PBXResourcesBuildPhase section */
		41E2B03A2A977A7E0057B0D9 /* Resources */ = {
			isa = PBXResourcesBuildPhase;
			buildActionMask = 2147483647;
			files = (
				41E2B04C2A977A800057B0D9 /* LaunchScreen.storyboard in Resources */,
				41E2B0492A977A800057B0D9 /* Assets.xcassets in Resources */,
				41E2B0472A977A7E0057B0D9 /* Main.storyboard in Resources */,
			);
			runOnlyForDeploymentPostprocessing = 0;
		};
/* End PBXResourcesBuildPhase section */

/* Begin PBXSourcesBuildPhase section */
		41E2B0382A977A7E0057B0D9 /* Sources */ = {
			isa = PBXSourcesBuildPhase;
			buildActionMask = 2147483647;
			files = (
				41E2B0442A977A7E0057B0D9 /* ViewController.swift in Sources */,
				411A235A2A9A0E9C0032DE57 /* InfoView.swift in Sources */,
				41E2B0582A97DED50057B0D9 /* APICaller.swift in Sources */,
				4154B4B12A99F9ED003C367E /* OriginView.swift in Sources */,
				41E2B05A2A97E3DF0057B0D9 /* CharacterList.swift in Sources */,
				41E2B0402A977A7E0057B0D9 /* AppDelegate.swift in Sources */,
				41E2B0422A977A7E0057B0D9 /* SceneDelegate.swift in Sources */,
				41E2B0542A9784E30057B0D9 /* CharacterCell.swift in Sources */,
				41E2B05F2A97F09B0057B0D9 /* ViewModel.swift in Sources */,
				41E2B0562A97D8FA0057B0D9 /* DescriptionVC.swift in Sources */,
				41D5AC152A98E78800F8D3C4 /* EpisodeCell.swift in Sources */,
			);
			runOnlyForDeploymentPostprocessing = 0;
		};
/* End PBXSourcesBuildPhase section */

/* Begin PBXVariantGroup section */
		41E2B0452A977A7E0057B0D9 /* Main.storyboard */ = {
			isa = PBXVariantGroup;
			children = (
				41E2B0462A977A7E0057B0D9 /* Base */,
			);
			name = Main.storyboard;
			sourceTree = "<group>";
		};
		41E2B04A2A977A800057B0D9 /* LaunchScreen.storyboard */ = {
			isa = PBXVariantGroup;
			children = (
				41E2B04B2A977A800057B0D9 /* Base */,
			);
			name = LaunchScreen.storyboard;
			sourceTree = "<group>";
		};
/* End PBXVariantGroup section */

/* Begin XCBuildConfiguration section */
		41E2B04E2A977A800057B0D9 /* Debug */ = {
			isa = XCBuildConfiguration;
			buildSettings = {
				ALWAYS_SEARCH_USER_PATHS = NO;
				CLANG_ANALYZER_NONNULL = YES;
				CLANG_ANALYZER_NUMBER_OBJECT_CONVERSION = YES_AGGRESSIVE;
				CLANG_CXX_LANGUAGE_STANDARD = "gnu++20";
				CLANG_ENABLE_MODULES = YES;
				CLANG_ENABLE_OBJC_ARC = YES;
				CLANG_ENABLE_OBJC_WEAK = YES;
				CLANG_WARN_BLOCK_CAPTURE_AUTORELEASING = YES;
				CLANG_WARN_BOOL_CONVERSION = YES;
				CLANG_WARN_COMMA = YES;
				CLANG_WARN_CONSTANT_CONVERSION = YES;
				CLANG_WARN_DEPRECATED_OBJC_IMPLEMENTATIONS = YES;
				CLANG_WARN_DIRECT_OBJC_ISA_USAGE = YES_ERROR;
				CLANG_WARN_DOCUMENTATION_COMMENTS = YES;
				CLANG_WARN_EMPTY_BODY = YES;
				CLANG_WARN_ENUM_CONVERSION = YES;
				CLANG_WARN_INFINITE_RECURSION = YES;
				CLANG_WARN_INT_CONVERSION = YES;
				CLANG_WARN_NON_LITERAL_NULL_CONVERSION = YES;
				CLANG_WARN_OBJC_IMPLICIT_RETAIN_SELF = YES;
				CLANG_WARN_OBJC_LITERAL_CONVERSION = YES;
				CLANG_WARN_OBJC_ROOT_CLASS = YES_ERROR;
				CLANG_WARN_QUOTED_INCLUDE_IN_FRAMEWORK_HEADER = YES;
				CLANG_WARN_RANGE_LOOP_ANALYSIS = YES;
				CLANG_WARN_STRICT_PROTOTYPES = YES;
				CLANG_WARN_SUSPICIOUS_MOVE = YES;
				CLANG_WARN_UNGUARDED_AVAILABILITY = YES_AGGRESSIVE;
				CLANG_WARN_UNREACHABLE_CODE = YES;
				CLANG_WARN__DUPLICATE_METHOD_MATCH = YES;
				COPY_PHASE_STRIP = NO;
				DEBUG_INFORMATION_FORMAT = dwarf;
				ENABLE_STRICT_OBJC_MSGSEND = YES;
				ENABLE_TESTABILITY = YES;
				GCC_C_LANGUAGE_STANDARD = gnu11;
				GCC_DYNAMIC_NO_PIC = NO;
				GCC_NO_COMMON_BLOCKS = YES;
				GCC_OPTIMIZATION_LEVEL = 0;
				GCC_PREPROCESSOR_DEFINITIONS = (
					"DEBUG=1",
					"$(inherited)",
				);
				GCC_WARN_64_TO_32_BIT_CONVERSION = YES;
				GCC_WARN_ABOUT_RETURN_TYPE = YES_ERROR;
				GCC_WARN_UNDECLARED_SELECTOR = YES;
				GCC_WARN_UNINITIALIZED_AUTOS = YES_AGGRESSIVE;
				GCC_WARN_UNUSED_FUNCTION = YES;
				GCC_WARN_UNUSED_VARIABLE = YES;
				IPHONEOS_DEPLOYMENT_TARGET = 16.1;
				MTL_ENABLE_DEBUG_INFO = INCLUDE_SOURCE;
				MTL_FAST_MATH = YES;
				ONLY_ACTIVE_ARCH = YES;
				SDKROOT = iphoneos;
				SWIFT_ACTIVE_COMPILATION_CONDITIONS = DEBUG;
				SWIFT_OPTIMIZATION_LEVEL = "-Onone";
			};
			name = Debug;
		};
		41E2B04F2A977A800057B0D9 /* Release */ = {
			isa = XCBuildConfiguration;
			buildSettings = {
				ALWAYS_SEARCH_USER_PATHS = NO;
				CLANG_ANALYZER_NONNULL = YES;
				CLANG_ANALYZER_NUMBER_OBJECT_CONVERSION = YES_AGGRESSIVE;
				CLANG_CXX_LANGUAGE_STANDARD = "gnu++20";
				CLANG_ENABLE_MODULES = YES;
				CLANG_ENABLE_OBJC_ARC = YES;
				CLANG_ENABLE_OBJC_WEAK = YES;
				CLANG_WARN_BLOCK_CAPTURE_AUTORELEASING = YES;
				CLANG_WARN_BOOL_CONVERSION = YES;
				CLANG_WARN_COMMA = YES;
				CLANG_WARN_CONSTANT_CONVERSION = YES;
				CLANG_WARN_DEPRECATED_OBJC_IMPLEMENTATIONS = YES;
				CLANG_WARN_DIRECT_OBJC_ISA_USAGE = YES_ERROR;
				CLANG_WARN_DOCUMENTATION_COMMENTS = YES;
				CLANG_WARN_EMPTY_BODY = YES;
				CLANG_WARN_ENUM_CONVERSION = YES;
				CLANG_WARN_INFINITE_RECURSION = YES;
				CLANG_WARN_INT_CONVERSION = YES;
				CLANG_WARN_NON_LITERAL_NULL_CONVERSION = YES;
				CLANG_WARN_OBJC_IMPLICIT_RETAIN_SELF = YES;
				CLANG_WARN_OBJC_LITERAL_CONVERSION = YES;
				CLANG_WARN_OBJC_ROOT_CLASS = YES_ERROR;
				CLANG_WARN_QUOTED_INCLUDE_IN_FRAMEWORK_HEADER = YES;
				CLANG_WARN_RANGE_LOOP_ANALYSIS = YES;
				CLANG_WARN_STRICT_PROTOTYPES = YES;
				CLANG_WARN_SUSPICIOUS_MOVE = YES;
				CLANG_WARN_UNGUARDED_AVAILABILITY = YES_AGGRESSIVE;
				CLANG_WARN_UNREACHABLE_CODE = YES;
				CLANG_WARN__DUPLICATE_METHOD_MATCH = YES;
				COPY_PHASE_STRIP = NO;
				DEBUG_INFORMATION_FORMAT = "dwarf-with-dsym";
				ENABLE_NS_ASSERTIONS = NO;
				ENABLE_STRICT_OBJC_MSGSEND = YES;
				GCC_C_LANGUAGE_STANDARD = gnu11;
				GCC_NO_COMMON_BLOCKS = YES;
				GCC_WARN_64_TO_32_BIT_CONVERSION = YES;
				GCC_WARN_ABOUT_RETURN_TYPE = YES_ERROR;
				GCC_WARN_UNDECLARED_SELECTOR = YES;
				GCC_WARN_UNINITIALIZED_AUTOS = YES_AGGRESSIVE;
				GCC_WARN_UNUSED_FUNCTION = YES;
				GCC_WARN_UNUSED_VARIABLE = YES;
				IPHONEOS_DEPLOYMENT_TARGET = 16.1;
				MTL_ENABLE_DEBUG_INFO = NO;
				MTL_FAST_MATH = YES;
				SDKROOT = iphoneos;
				SWIFT_COMPILATION_MODE = wholemodule;
				SWIFT_OPTIMIZATION_LEVEL = "-O";
				VALIDATE_PRODUCT = YES;
			};
			name = Release;
		};
		41E2B0512A977A800057B0D9 /* Debug */ = {
			isa = XCBuildConfiguration;
			buildSettings = {
				ASSETCATALOG_COMPILER_APPICON_NAME = AppIcon;
				ASSETCATALOG_COMPILER_GLOBAL_ACCENT_COLOR_NAME = AccentColor;
				CODE_SIGN_STYLE = Automatic;
				CURRENT_PROJECT_VERSION = 1;
				DEVELOPMENT_TEAM = 8BB3UWB5NY;
				GENERATE_INFOPLIST_FILE = YES;
				INFOPLIST_FILE = RickAndMorty/Info.plist;
				INFOPLIST_KEY_UIApplicationSupportsIndirectInputEvents = YES;
				INFOPLIST_KEY_UILaunchStoryboardName = LaunchScreen;
				INFOPLIST_KEY_UIMainStoryboardFile = Main;
				INFOPLIST_KEY_UISupportedInterfaceOrientations_iPad = "UIInterfaceOrientationPortrait UIInterfaceOrientationPortraitUpsideDown UIInterfaceOrientationLandscapeLeft UIInterfaceOrientationLandscapeRight";
				INFOPLIST_KEY_UISupportedInterfaceOrientations_iPhone = "UIInterfaceOrientationPortrait UIInterfaceOrientationLandscapeLeft UIInterfaceOrientationLandscapeRight";
				LD_RUNPATH_SEARCH_PATHS = (
					"$(inherited)",
					"@executable_path/Frameworks",
				);
				MARKETING_VERSION = 1.0;
				PRODUCT_BUNDLE_IDENTIFIER = com.ali.RickAndMorty;
				PRODUCT_NAME = "$(TARGET_NAME)";
				SWIFT_EMIT_LOC_STRINGS = YES;
				SWIFT_VERSION = 5.0;
				TARGETED_DEVICE_FAMILY = "1,2";
			};
			name = Debug;
		};
		41E2B0522A977A800057B0D9 /* Release */ = {
			isa = XCBuildConfiguration;
			buildSettings = {
				ASSETCATALOG_COMPILER_APPICON_NAME = AppIcon;
				ASSETCATALOG_COMPILER_GLOBAL_ACCENT_COLOR_NAME = AccentColor;
				CODE_SIGN_STYLE = Automatic;
				CURRENT_PROJECT_VERSION = 1;
				DEVELOPMENT_TEAM = 8BB3UWB5NY;
				GENERATE_INFOPLIST_FILE = YES;
				INFOPLIST_FILE = RickAndMorty/Info.plist;
				INFOPLIST_KEY_UIApplicationSupportsIndirectInputEvents = YES;
				INFOPLIST_KEY_UILaunchStoryboardName = LaunchScreen;
				INFOPLIST_KEY_UIMainStoryboardFile = Main;
				INFOPLIST_KEY_UISupportedInterfaceOrientations_iPad = "UIInterfaceOrientationPortrait UIInterfaceOrientationPortraitUpsideDown UIInterfaceOrientationLandscapeLeft UIInterfaceOrientationLandscapeRight";
				INFOPLIST_KEY_UISupportedInterfaceOrientations_iPhone = "UIInterfaceOrientationPortrait UIInterfaceOrientationLandscapeLeft UIInterfaceOrientationLandscapeRight";
				LD_RUNPATH_SEARCH_PATHS = (
					"$(inherited)",
					"@executable_path/Frameworks",
				);
				MARKETING_VERSION = 1.0;
				PRODUCT_BUNDLE_IDENTIFIER = com.ali.RickAndMorty;
				PRODUCT_NAME = "$(TARGET_NAME)";
				SWIFT_EMIT_LOC_STRINGS = YES;
				SWIFT_VERSION = 5.0;
				TARGETED_DEVICE_FAMILY = "1,2";
			};
			name = Release;
		};
/* End XCBuildConfiguration section */

/* Begin XCConfigurationList section */
		41E2B0372A977A7E0057B0D9 /* Build configuration list for PBXProject "RickAndMorty" */ = {
			isa = XCConfigurationList;
			buildConfigurations = (
				41E2B04E2A977A800057B0D9 /* Debug */,
				41E2B04F2A977A800057B0D9 /* Release */,
			);
			defaultConfigurationIsVisible = 0;
			defaultConfigurationName = Release;
		};
		41E2B0502A977A800057B0D9 /* Build configuration list for PBXNativeTarget "RickAndMorty" */ = {
			isa = XCConfigurationList;
			buildConfigurations = (
				41E2B0512A977A800057B0D9 /* Debug */,
				41E2B0522A977A800057B0D9 /* Release */,
			);
			defaultConfigurationIsVisible = 0;
			defaultConfigurationName = Release;
		};
/* End XCConfigurationList section */

/* Begin XCRemoteSwiftPackageReference section */
		41E2B05B2A97EFA40057B0D9 /* XCRemoteSwiftPackageReference "Kingfisher" */ = {
			isa = XCRemoteSwiftPackageReference;
			repositoryURL = "https://github.com/onevcat/Kingfisher.git";
			requirement = {
				branch = master;
				kind = branch;
			};
		};
/* End XCRemoteSwiftPackageReference section */

/* Begin XCSwiftPackageProductDependency section */
		41E2B05C2A97EFA40057B0D9 /* Kingfisher */ = {
			isa = XCSwiftPackageProductDependency;
			package = 41E2B05B2A97EFA40057B0D9 /* XCRemoteSwiftPackageReference "Kingfisher" */;
			productName = Kingfisher;
		};
/* End XCSwiftPackageProductDependency section */
	};
	rootObject = 41E2B0342A977A7E0057B0D9 /* Project object */;
}
